
Microsoft Visual Studio Solution File, Format Version 12.00
# Visual Studio 14
VisualStudioVersion = 14.0.23107.0
MinimumVisualStudioVersion = 10.0.40219.1
Project("{FAE04EC0-301F-11D3-BF4B-00C04F79EFBC}") = "DeviceManagementLib", "DeviceManagementLib\DeviceManagementLib.csproj", "{F88D5E1E-CC7B-4968-B7A2-ECD3903DC4A6}"
EndProject
Project("{FAE04EC0-301F-11D3-BF4B-00C04F79EFBC}") = "TestApp", "TestApp\TestApp.csproj", "{94F63C67-12B7-4F76-A9D4-2A499925B1BF}"
EndProject
Project("{FAE04EC0-301F-11D3-BF4B-00C04F79EFBC}") = "DeviceManagementModule", "DeviceManagementModule\DeviceManagementModule.csproj", "{25A4C167-2624-4373-8C2C-1BCE150AB2E0}"
EndProject
Global
	GlobalSection(SolutionConfigurationPlatforms) = preSolution
		Debug|Any CPU = Debug|Any CPU
		Release|Any CPU = Release|Any CPU
	EndGlobalSection
	GlobalSection(ProjectConfigurationPlatforms) = postSolution
		{F88D5E1E-CC7B-4968-B7A2-ECD3903DC4A6}.Debug|Any CPU.ActiveCfg = Debug|Any CPU
		{F88D5E1E-CC7B-4968-B7A2-ECD3903DC4A6}.Debug|Any CPU.Build.0 = Debug|Any CPU
		{F88D5E1E-CC7B-4968-B7A2-ECD3903DC4A6}.Release|Any CPU.ActiveCfg = Release|Any CPU
		{F88D5E1E-CC7B-4968-B7A2-ECD3903DC4A6}.Release|Any CPU.Build.0 = Release|Any CPU
		{94F63C67-12B7-4F76-A9D4-2A499925B1BF}.Debug|Any CPU.ActiveCfg = Debug|Any CPU
		{94F63C67-12B7-4F76-A9D4-2A499925B1BF}.Debug|Any CPU.Build.0 = Debug|Any CPU
		{94F63C67-12B7-4F76-A9D4-2A499925B1BF}.Release|Any CPU.ActiveCfg = Release|Any CPU
		{94F63C67-12B7-4F76-A9D4-2A499925B1BF}.Release|Any CPU.Build.0 = Release|Any CPU
		{25A4C167-2624-4373-8C2C-1BCE150AB2E0}.Debug|Any CPU.ActiveCfg = Debug|Any CPU
		{25A4C167-2624-4373-8C2C-1BCE150AB2E0}.Debug|Any CPU.Build.0 = Debug|Any CPU
		{25A4C167-2624-4373-8C2C-1BCE150AB2E0}.Release|Any CPU.ActiveCfg = Release|Any CPU
		{25A4C167-2624-4373-8C2C-1BCE150AB2E0}.Release|Any CPU.Build.0 = Release|Any CPU
	EndGlobalSection
	GlobalSection(SolutionProperties) = preSolution
		HideSolutionNode = FALSE
	EndGlobalSection
EndGlobal
